
Microsoft Visual Studio Solution File, Format Version 11.00
# Visual Studio 2010
Project("{8BC9CEB8-8B4A-11D0-8D11-00A0C91BC942}") = "HomeWork_3_2", "HomeWork_3_2\HomeWork_3_2.vcxproj", "{6DC79546-D8E3-4669-AC62-7748D54EC4ED}"
EndProject
Global
	GlobalSection(SolutionConfigurationPlatforms) = preSolution
		Debug|Win32 = Debug|Win32
		Release|Win32 = Release|Win32
	EndGlobalSection
	GlobalSection(ProjectConfigurationPlatforms) = postSolution
		{6DC79546-D8E3-4669-AC62-7748D54EC4ED}.Debug|Win32.ActiveCfg = Debug|Win32
		{6DC79546-D8E3-4669-AC62-7748D54EC4ED}.Debug|Win32.Build.0 = Debug|Win32
		{6DC79546-D8E3-4669-AC62-7748D54EC4ED}.Release|Win32.ActiveCfg = Release|Win32
		{6DC79546-D8E3-4669-AC62-7748D54EC4ED}.Release|Win32.Build.0 = Release|Win32
	EndGlobalSection
	GlobalSection(SolutionProperties) = preSolution
		HideSolutionNode = FALSE
	EndGlobalSection
EndGlobal
