
Microsoft Visual Studio Solution File, Format Version 11.00
# Visual Studio 2010
Project("{8BC9CEB8-8B4A-11D0-8D11-00A0C91BC942}") = "Week10_Day", "Week10_Day\Week10_Day.vcxproj", "{DCC55A71-A462-4EFB-BD0A-4E242BE8CA99}"
EndProject
Global
	GlobalSection(SolutionConfigurationPlatforms) = preSolution
		Debug|Win32 = Debug|Win32
		Release|Win32 = Release|Win32
	EndGlobalSection
	GlobalSection(ProjectConfigurationPlatforms) = postSolution
		{DCC55A71-A462-4EFB-BD0A-4E242BE8CA99}.Debug|Win32.ActiveCfg = Debug|Win32
		{DCC55A71-A462-4EFB-BD0A-4E242BE8CA99}.Debug|Win32.Build.0 = Debug|Win32
		{DCC55A71-A462-4EFB-BD0A-4E242BE8CA99}.Release|Win32.ActiveCfg = Release|Win32
		{DCC55A71-A462-4EFB-BD0A-4E242BE8CA99}.Release|Win32.Build.0 = Release|Win32
	EndGlobalSection
	GlobalSection(SolutionProperties) = preSolution
		HideSolutionNode = FALSE
	EndGlobalSection
EndGlobal
